
Microsoft Visual Studio Solution File, Format Version 12.00
# Visual Studio 15
VisualStudioVersion = 15.0.27703.2035
MinimumVisualStudioVersion = 10.0.40219.1
Project("{FAE04EC0-301F-11D3-BF4B-00C04F79EFBC}") = "Extension", "ObjectExtension\Extension.csproj", "{C1A14C85-DA75-40CA-B28C-8ACC0D16429F}"
EndProject
Global
	GlobalSection(SolutionConfigurationPlatforms) = preSolution
		Debug|Any CPU = Debug|Any CPU
		Release|Any CPU = Release|Any CPU
	EndGlobalSection
	GlobalSection(ProjectConfigurationPlatforms) = postSolution
		{C1A14C85-DA75-40CA-B28C-8ACC0D16429F}.Debug|Any CPU.ActiveCfg = Debug|Any CPU
		{C1A14C85-DA75-40CA-B28C-8ACC0D16429F}.Debug|Any CPU.Build.0 = Debug|Any CPU
		{C1A14C85-DA75-40CA-B28C-8ACC0D16429F}.Release|Any CPU.ActiveCfg = Release|Any CPU
		{C1A14C85-DA75-40CA-B28C-8ACC0D16429F}.Release|Any CPU.Build.0 = Release|Any CPU
	EndGlobalSection
	GlobalSection(SolutionProperties) = preSolution
		HideSolutionNode = FALSE
	EndGlobalSection
	GlobalSection(ExtensibilityGlobals) = postSolution
		SolutionGuid = {DB53BDAB-37BB-4A5C-B8C7-F96D658D8F38}
	EndGlobalSection
EndGlobal
